
Microsoft Visual Studio Solution File, Format Version 12.00
# Visual Studio 2012
Project("{FAE04EC0-301F-11D3-BF4B-00C04F79EFBC}") = "Test02", "Test02\Test02.csproj", "{FB71038A-E3C6-417A-A43B-3408796D5941}"
EndProject
Project("{FAE04EC0-301F-11D3-BF4B-00C04F79EFBC}") = "Test02.Tests", "Test02.Tests\Test02.Tests.csproj", "{2715421F-A342-4A49-BD0A-8E1CE0E541B7}"
EndProject
Global
	GlobalSection(SolutionConfigurationPlatforms) = preSolution
		Debug|Any CPU = Debug|Any CPU
		Release|Any CPU = Release|Any CPU
	EndGlobalSection
	GlobalSection(ProjectConfigurationPlatforms) = postSolution
		{FB71038A-E3C6-417A-A43B-3408796D5941}.Debug|Any CPU.ActiveCfg = Debug|Any CPU
		{FB71038A-E3C6-417A-A43B-3408796D5941}.Debug|Any CPU.Build.0 = Debug|Any CPU
		{FB71038A-E3C6-417A-A43B-3408796D5941}.Release|Any CPU.ActiveCfg = Release|Any CPU
		{FB71038A-E3C6-417A-A43B-3408796D5941}.Release|Any CPU.Build.0 = Release|Any CPU
		{2715421F-A342-4A49-BD0A-8E1CE0E541B7}.Debug|Any CPU.ActiveCfg = Debug|Any CPU
		{2715421F-A342-4A49-BD0A-8E1CE0E541B7}.Debug|Any CPU.Build.0 = Debug|Any CPU
		{2715421F-A342-4A49-BD0A-8E1CE0E541B7}.Release|Any CPU.ActiveCfg = Release|Any CPU
		{2715421F-A342-4A49-BD0A-8E1CE0E541B7}.Release|Any CPU.Build.0 = Release|Any CPU
	EndGlobalSection
EndGlobal
